
Microsoft Visual Studio Solution File, Format Version 12.00
# Visual Studio 15
VisualStudioVersion = 15.0.26730.12
MinimumVisualStudioVersion = 10.0.40219.1
Project("{FAE04EC0-301F-11D3-BF4B-00C04F79EFBC}") = "InheritanceInGeometry", "InheritanceInGeometry\InheritanceInGeometry.csproj", "{0B686471-1BF4-4280-954E-DBEBA8189BDF}"
EndProject
Project("{FAE04EC0-301F-11D3-BF4B-00C04F79EFBC}") = "TestInheritanceInGeometry", "TestInheritanceInGeometry\TestInheritanceInGeometry.csproj", "{A6C4E62F-B8B4-4DB8-BD93-A20B975E8665}"
EndProject
Global
	GlobalSection(SolutionConfigurationPlatforms) = preSolution
		Debug|Any CPU = Debug|Any CPU
		Release|Any CPU = Release|Any CPU
	EndGlobalSection
	GlobalSection(ProjectConfigurationPlatforms) = postSolution
		{0B686471-1BF4-4280-954E-DBEBA8189BDF}.Debug|Any CPU.ActiveCfg = Debug|Any CPU
		{0B686471-1BF4-4280-954E-DBEBA8189BDF}.Debug|Any CPU.Build.0 = Debug|Any CPU
		{0B686471-1BF4-4280-954E-DBEBA8189BDF}.Release|Any CPU.ActiveCfg = Release|Any CPU
		{0B686471-1BF4-4280-954E-DBEBA8189BDF}.Release|Any CPU.Build.0 = Release|Any CPU
		{A6C4E62F-B8B4-4DB8-BD93-A20B975E8665}.Debug|Any CPU.ActiveCfg = Debug|Any CPU
		{A6C4E62F-B8B4-4DB8-BD93-A20B975E8665}.Debug|Any CPU.Build.0 = Debug|Any CPU
		{A6C4E62F-B8B4-4DB8-BD93-A20B975E8665}.Release|Any CPU.ActiveCfg = Release|Any CPU
		{A6C4E62F-B8B4-4DB8-BD93-A20B975E8665}.Release|Any CPU.Build.0 = Release|Any CPU
	EndGlobalSection
	GlobalSection(SolutionProperties) = preSolution
		HideSolutionNode = FALSE
	EndGlobalSection
	GlobalSection(ExtensibilityGlobals) = postSolution
		SolutionGuid = {9406C16B-6C4B-4297-9F1A-2735EC29C3C8}
	EndGlobalSection
EndGlobal
